
Microsoft Visual Studio Solution File, Format Version 12.00
# Visual Studio Version 16
VisualStudioVersion = 16.0.28803.156
MinimumVisualStudioVersion = 10.0.40219.1
Project("{FAE04EC0-301F-11D3-BF4B-00C04F79EFBC}") = "WtpApi", "WtpApi\WtpApi.csproj", "{5BFE8399-2E92-4EEB-9F3C-4731D2B1AAC2}"
EndProject
Global
	GlobalSection(SolutionConfigurationPlatforms) = preSolution
		Debug|Any CPU = Debug|Any CPU
		Release|Any CPU = Release|Any CPU
	EndGlobalSection
	GlobalSection(ProjectConfigurationPlatforms) = postSolution
		{5BFE8399-2E92-4EEB-9F3C-4731D2B1AAC2}.Debug|Any CPU.ActiveCfg = Debug|Any CPU
		{5BFE8399-2E92-4EEB-9F3C-4731D2B1AAC2}.Debug|Any CPU.Build.0 = Debug|Any CPU
		{5BFE8399-2E92-4EEB-9F3C-4731D2B1AAC2}.Release|Any CPU.ActiveCfg = Release|Any CPU
		{5BFE8399-2E92-4EEB-9F3C-4731D2B1AAC2}.Release|Any CPU.Build.0 = Release|Any CPU
	EndGlobalSection
	GlobalSection(SolutionProperties) = preSolution
		HideSolutionNode = FALSE
	EndGlobalSection
	GlobalSection(ExtensibilityGlobals) = postSolution
		SolutionGuid = {8F671EAC-3D28-4A4C-AE08-D93D98B98BAE}
	EndGlobalSection
EndGlobal
